
Microsoft Visual Studio Solution File, Format Version 12.00
# Visual Studio 15
VisualStudioVersion = 15.0.28307.1433
MinimumVisualStudioVersion = 10.0.40219.1
Project("{8BC9CEB8-8B4A-11D0-8D11-00A0C91BC942}") = "VirtualFunction", "VirtualFunction\VirtualFunction.vcxproj", "{88F138EC-C124-418A-A6AB-3CEF184D89CD}"
EndProject
Global
	GlobalSection(SolutionConfigurationPlatforms) = preSolution
		Debug|x64 = Debug|x64
		Debug|x86 = Debug|x86
		Release|x64 = Release|x64
		Release|x86 = Release|x86
	EndGlobalSection
	GlobalSection(ProjectConfigurationPlatforms) = postSolution
		{88F138EC-C124-418A-A6AB-3CEF184D89CD}.Debug|x64.ActiveCfg = Debug|x64
		{88F138EC-C124-418A-A6AB-3CEF184D89CD}.Debug|x64.Build.0 = Debug|x64
		{88F138EC-C124-418A-A6AB-3CEF184D89CD}.Debug|x86.ActiveCfg = Debug|Win32
		{88F138EC-C124-418A-A6AB-3CEF184D89CD}.Debug|x86.Build.0 = Debug|Win32
		{88F138EC-C124-418A-A6AB-3CEF184D89CD}.Release|x64.ActiveCfg = Release|x64
		{88F138EC-C124-418A-A6AB-3CEF184D89CD}.Release|x64.Build.0 = Release|x64
		{88F138EC-C124-418A-A6AB-3CEF184D89CD}.Release|x86.ActiveCfg = Release|Win32
		{88F138EC-C124-418A-A6AB-3CEF184D89CD}.Release|x86.Build.0 = Release|Win32
	EndGlobalSection
	GlobalSection(SolutionProperties) = preSolution
		HideSolutionNode = FALSE
	EndGlobalSection
	GlobalSection(ExtensibilityGlobals) = postSolution
		SolutionGuid = {2B34A71B-9402-43F3-B5A5-4AA56F6C4AB6}
	EndGlobalSection
EndGlobal
