
Microsoft Visual Studio Solution File, Format Version 12.00
# Visual Studio 15
VisualStudioVersion = 15.0.28307.1433
MinimumVisualStudioVersion = 10.0.40219.1
Project("{8BC9CEB8-8B4A-11D0-8D11-00A0C91BC942}") = "ArrowOperator46", "ArrowOperator46\ArrowOperator46.vcxproj", "{908539DC-B5BA-400D-80F3-5EC37C784B5A}"
EndProject
Global
	GlobalSection(SolutionConfigurationPlatforms) = preSolution
		Debug|x64 = Debug|x64
		Debug|x86 = Debug|x86
		Release|x64 = Release|x64
		Release|x86 = Release|x86
	EndGlobalSection
	GlobalSection(ProjectConfigurationPlatforms) = postSolution
		{908539DC-B5BA-400D-80F3-5EC37C784B5A}.Debug|x64.ActiveCfg = Debug|x64
		{908539DC-B5BA-400D-80F3-5EC37C784B5A}.Debug|x64.Build.0 = Debug|x64
		{908539DC-B5BA-400D-80F3-5EC37C784B5A}.Debug|x86.ActiveCfg = Debug|Win32
		{908539DC-B5BA-400D-80F3-5EC37C784B5A}.Debug|x86.Build.0 = Debug|Win32
		{908539DC-B5BA-400D-80F3-5EC37C784B5A}.Release|x64.ActiveCfg = Release|x64
		{908539DC-B5BA-400D-80F3-5EC37C784B5A}.Release|x64.Build.0 = Release|x64
		{908539DC-B5BA-400D-80F3-5EC37C784B5A}.Release|x86.ActiveCfg = Release|Win32
		{908539DC-B5BA-400D-80F3-5EC37C784B5A}.Release|x86.Build.0 = Release|Win32
	EndGlobalSection
	GlobalSection(SolutionProperties) = preSolution
		HideSolutionNode = FALSE
	EndGlobalSection
	GlobalSection(ExtensibilityGlobals) = postSolution
		SolutionGuid = {14144085-1BA4-4DD0-B2C4-CDFC4F13700D}
	EndGlobalSection
EndGlobal
