
Microsoft Visual Studio Solution File, Format Version 12.00
# Visual Studio 15
VisualStudioVersion = 15.0.28307.1433
MinimumVisualStudioVersion = 10.0.40219.1
Project("{8BC9CEB8-8B4A-11D0-8D11-00A0C91BC942}") = "StaticArray57", "StaticArray57\StaticArray57.vcxproj", "{CE83973E-6878-4608-8F6A-E180CB2CDD19}"
EndProject
Global
	GlobalSection(SolutionConfigurationPlatforms) = preSolution
		Debug|x64 = Debug|x64
		Debug|x86 = Debug|x86
		Release|x64 = Release|x64
		Release|x86 = Release|x86
	EndGlobalSection
	GlobalSection(ProjectConfigurationPlatforms) = postSolution
		{CE83973E-6878-4608-8F6A-E180CB2CDD19}.Debug|x64.ActiveCfg = Debug|x64
		{CE83973E-6878-4608-8F6A-E180CB2CDD19}.Debug|x64.Build.0 = Debug|x64
		{CE83973E-6878-4608-8F6A-E180CB2CDD19}.Debug|x86.ActiveCfg = Debug|Win32
		{CE83973E-6878-4608-8F6A-E180CB2CDD19}.Debug|x86.Build.0 = Debug|Win32
		{CE83973E-6878-4608-8F6A-E180CB2CDD19}.Release|x64.ActiveCfg = Release|x64
		{CE83973E-6878-4608-8F6A-E180CB2CDD19}.Release|x64.Build.0 = Release|x64
		{CE83973E-6878-4608-8F6A-E180CB2CDD19}.Release|x86.ActiveCfg = Release|Win32
		{CE83973E-6878-4608-8F6A-E180CB2CDD19}.Release|x86.Build.0 = Release|Win32
	EndGlobalSection
	GlobalSection(SolutionProperties) = preSolution
		HideSolutionNode = FALSE
	EndGlobalSection
	GlobalSection(ExtensibilityGlobals) = postSolution
		SolutionGuid = {8A99E85E-D054-4C31-B2B6-859BB9ED05AF}
	EndGlobalSection
EndGlobal
